schema: '2.0'
stages:
  download:
    cmd: python src/SEC_filings.py
    deps:
    - path: src/SEC_filings.py
      hash: md5
      md5: e5ec1031ed3732df5a8ede06fb46ba1d
      size: 256
    outs:
    - path: data/raw
      hash: md5
      md5: 8d0ca92bb47c5b6a6b0e5f6325ee53ef.dir
      size: 21230053
      nfiles: 4
